
Microsoft Visual Studio Solution File, Format Version 12.00
# Visual Studio 2013
VisualStudioVersion = 12.0.30723.0
MinimumVisualStudioVersion = 10.0.40219.1
Project("{FAE04EC0-301F-11D3-BF4B-00C04F79EFBC}") = "DemoListDictionary", "DemoListDictionary\DemoListDictionary.csproj", "{0A6FF0D5-1932-4E54-9D51-726F76270DEA}"
EndProject
Global
	GlobalSection(SolutionConfigurationPlatforms) = preSolution
		Debug|Any CPU = Debug|Any CPU
		Release|Any CPU = Release|Any CPU
	EndGlobalSection
	GlobalSection(ProjectConfigurationPlatforms) = postSolution
		{0A6FF0D5-1932-4E54-9D51-726F76270DEA}.Debug|Any CPU.ActiveCfg = Debug|Any CPU
		{0A6FF0D5-1932-4E54-9D51-726F76270DEA}.Debug|Any CPU.Build.0 = Debug|Any CPU
		{0A6FF0D5-1932-4E54-9D51-726F76270DEA}.Release|Any CPU.ActiveCfg = Release|Any CPU
		{0A6FF0D5-1932-4E54-9D51-726F76270DEA}.Release|Any CPU.Build.0 = Release|Any CPU
	EndGlobalSection
	GlobalSection(SolutionProperties) = preSolution
		HideSolutionNode = FALSE
	EndGlobalSection
EndGlobal
